// !$*UTF8*$!
{
	archiveVersion = 1;
	classes = {
	};
	objectVersion = 56;
	objects = {

/* Begin PBXBuildFile section */
		583285372B8CEF48003898D0 /* age_calculator_appApp.swift in Sources */ = {isa = PBXBuildFile; fileRef = 583285362B8CEF48003898D0 /* age_calculator_appApp.swift */; };
		583285392B8CEF48003898D0 /* ContentView.swift in Sources */ = {isa = PBXBuildFile; fileRef = 583285382B8CEF48003898D0 /* ContentView.swift */; };
		5832853B2B8CEF4A003898D0 /* Assets.xcassets in Resources */ = {isa = PBXBuildFile; fileRef = 5832853A2B8CEF4A003898D0 /* Assets.xcassets */; };
		5832853E2B8CEF4A003898D0 /* Preview Assets.xcassets in Resources */ = {isa = PBXBuildFile; fileRef = 5832853D2B8CEF4A003898D0 /* Preview Assets.xcassets */; };
		583285482B8CEF4A003898D0 /* age_calculator_appTests.swift in Sources */ = {isa = PBXBuildFile; fileRef = 583285472B8CEF4A003898D0 /* age_calculator_appTests.swift */; };
		583285522B8CEF4A003898D0 /* age_calculator_appUITests.swift in Sources */ = {isa = PBXBuildFile; fileRef = 583285512B8CEF4A003898D0 /* age_calculator_appUITests.swift */; };
		583285542B8CEF4A003898D0 /* age_calculator_appUITestsLaunchTests.swift in Sources */ = {isa = PBXBuildFile; fileRef = 583285532B8CEF4A003898D0 /* age_calculator_appUITestsLaunchTests.swift */; };
		583285662B8CEFA0003898D0 /* Poppins-Bold.ttf in Resources */ = {isa = PBXBuildFile; fileRef = 583285602B8CEF9F003898D0 /* Poppins-Bold.ttf */; };
		583285672B8CEFA0003898D0 /* Poppins-ExtraBold.ttf in Resources */ = {isa = PBXBuildFile; fileRef = 583285612B8CEF9F003898D0 /* Poppins-ExtraBold.ttf */; };
		583285682B8CEFA0003898D0 /* Poppins-Regular.ttf in Resources */ = {isa = PBXBuildFile; fileRef = 583285622B8CEF9F003898D0 /* Poppins-Regular.ttf */; };
		583285692B8CEFA0003898D0 /* Poppins-Italic.ttf in Resources */ = {isa = PBXBuildFile; fileRef = 583285632B8CEF9F003898D0 /* Poppins-Italic.ttf */; };
		5832856A2B8CEFA0003898D0 /* Poppins-BoldItalic.ttf in Resources */ = {isa = PBXBuildFile; fileRef = 583285642B8CEF9F003898D0 /* Poppins-BoldItalic.ttf */; };
		5832856B2B8CEFA0003898D0 /* Poppins-ExtraBoldItalic.ttf in Resources */ = {isa = PBXBuildFile; fileRef = 583285652B8CEF9F003898D0 /* Poppins-ExtraBoldItalic.ttf */; };
/* End PBXBuildFile section */

/* Begin PBXContainerItemProxy section */
		583285442B8CEF4A003898D0 /* PBXContainerItemProxy */ = {
			isa = PBXContainerItemProxy;
			containerPortal = 5832852B2B8CEF48003898D0 /* Project object */;
			proxyType = 1;
			remoteGlobalIDString = 583285322B8CEF48003898D0;
			remoteInfo = "age-calculator-app";
		};
		5832854E2B8CEF4A003898D0 /* PBXContainerItemProxy */ = {
			isa = PBXContainerItemProxy;
			containerPortal = 5832852B2B8CEF48003898D0 /* Project object */;
			proxyType = 1;
			remoteGlobalIDString = 583285322B8CEF48003898D0;
			remoteInfo = "age-calculator-app";
		};
/* End PBXContainerItemProxy section */

/* Begin PBXFileReference section */
		583285332B8CEF48003898D0 /* age-calculator-app.app */ = {isa = PBXFileReference; explicitFileType = wrapper.application; includeInIndex = 0; path = "age-calculator-app.app"; sourceTree = BUILT_PRODUCTS_DIR; };
		583285362B8CEF48003898D0 /* age_calculator_appApp.swift */ = {isa = PBXFileReference; lastKnownFileType = sourcecode.swift; path = age_calculator_appApp.swift; sourceTree = "<group>"; };
		583285382B8CEF48003898D0 /* ContentView.swift */ = {isa = PBXFileReference; lastKnownFileType = sourcecode.swift; path = ContentView.swift; sourceTree = "<group>"; };
		5832853A2B8CEF4A003898D0 /* Assets.xcassets */ = {isa = PBXFileReference; lastKnownFileType = folder.assetcatalog; path = Assets.xcassets; sourceTree = "<group>"; };
		5832853D2B8CEF4A003898D0 /* Preview Assets.xcassets */ = {isa = PBXFileReference; lastKnownFileType = folder.assetcatalog; path = "Preview Assets.xcassets"; sourceTree = "<group>"; };
		583285432B8CEF4A003898D0 /* age-calculator-appTests.xctest */ = {isa = PBXFileReference; explicitFileType = wrapper.cfbundle; includeInIndex = 0; path = "age-calculator-appTests.xctest"; sourceTree = BUILT_PRODUCTS_DIR; };
		583285472B8CEF4A003898D0 /* age_calculator_appTests.swift */ = {isa = PBXFileReference; lastKnownFileType = sourcecode.swift; path = age_calculator_appTests.swift; sourceTree = "<group>"; };
		5832854D2B8CEF4A003898D0 /* age-calculator-appUITests.xctest */ = {isa = PBXFileReference; explicitFileType = wrapper.cfbundle; includeInIndex = 0; path = "age-calculator-appUITests.xctest"; sourceTree = BUILT_PRODUCTS_DIR; };
		583285512B8CEF4A003898D0 /* age_calculator_appUITests.swift */ = {isa = PBXFileReference; lastKnownFileType = sourcecode.swift; path = age_calculator_appUITests.swift; sourceTree = "<group>"; };
		583285532B8CEF4A003898D0 /* age_calculator_appUITestsLaunchTests.swift */ = {isa = PBXFileReference; lastKnownFileType = sourcecode.swift; path = age_calculator_appUITestsLaunchTests.swift; sourceTree = "<group>"; };
		583285602B8CEF9F003898D0 /* Poppins-Bold.ttf */ = {isa = PBXFileReference; lastKnownFileType = file; path = "Poppins-Bold.ttf"; sourceTree = "<group>"; };
		583285612B8CEF9F003898D0 /* Poppins-ExtraBold.ttf */ = {isa = PBXFileReference; lastKnownFileType = file; path = "Poppins-ExtraBold.ttf"; sourceTree = "<group>"; };
		583285622B8CEF9F003898D0 /* Poppins-Regular.ttf */ = {isa = PBXFileReference; lastKnownFileType = file; path = "Poppins-Regular.ttf"; sourceTree = "<group>"; };
		583285632B8CEF9F003898D0 /* Poppins-Italic.ttf */ = {isa = PBXFileReference; lastKnownFileType = file; path = "Poppins-Italic.ttf"; sourceTree = "<group>"; };
		583285642B8CEF9F003898D0 /* Poppins-BoldItalic.ttf */ = {isa = PBXFileReference; lastKnownFileType = file; path = "Poppins-BoldItalic.ttf"; sourceTree = "<group>"; };
		583285652B8CEF9F003898D0 /* Poppins-ExtraBoldItalic.ttf */ = {isa = PBXFileReference; lastKnownFileType = file; path = "Poppins-ExtraBoldItalic.ttf"; sourceTree = "<group>"; };
		5832856D2B8CEFBA003898D0 /* Info.plist */ = {isa = PBXFileReference; lastKnownFileType = text.plist; path = Info.plist; sourceTree = "<group>"; };
/* End PBXFileReference section */

/* Begin PBXFrameworksBuildPhase section */
		583285302B8CEF48003898D0 /* Frameworks */ = {
			isa = PBXFrameworksBuildPhase;
			buildActionMask = 2147483647;
			files = (
			);
			runOnlyForDeploymentPostprocessing = 0;
		};
		583285402B8CEF4A003898D0 /* Frameworks */ = {
			isa = PBXFrameworksBuildPhase;
			buildActionMask = 2147483647;
			files = (
			);
			runOnlyForDeploymentPostprocessing = 0;
		};
		5832854A2B8CEF4A003898D0 /* Frameworks */ = {
			isa = PBXFrameworksBuildPhase;
			buildActionMask = 2147483647;
			files = (
			);
			runOnlyForDeploymentPostprocessing = 0;
		};
/* End PBXFrameworksBuildPhase section */

/* Begin PBXGroup section */
		5832852A2B8CEF48003898D0 = {
			isa = PBXGroup;
			children = (
				583285352B8CEF48003898D0 /* age-calculator-app */,
				583285462B8CEF4A003898D0 /* age-calculator-appTests */,
				583285502B8CEF4A003898D0 /* age-calculator-appUITests */,
				583285342B8CEF48003898D0 /* Products */,
			);
			sourceTree = "<group>";
		};
		583285342B8CEF48003898D0 /* Products */ = {
			isa = PBXGroup;
			children = (
				583285332B8CEF48003898D0 /* age-calculator-app.app */,
				583285432B8CEF4A003898D0 /* age-calculator-appTests.xctest */,
				5832854D2B8CEF4A003898D0 /* age-calculator-appUITests.xctest */,
			);
			name = Products;
			sourceTree = "<group>";
		};
		583285352B8CEF48003898D0 /* age-calculator-app */ = {
			isa = PBXGroup;
			children = (
				5832856D2B8CEFBA003898D0 /* Info.plist */,
				5832856C2B8CEFA9003898D0 /* Fonts */,
				583285362B8CEF48003898D0 /* age_calculator_appApp.swift */,
				583285382B8CEF48003898D0 /* ContentView.swift */,
				5832853A2B8CEF4A003898D0 /* Assets.xcassets */,
				5832853C2B8CEF4A003898D0 /* Preview Content */,
			);
			path = "age-calculator-app";
			sourceTree = "<group>";
		};
		5832853C2B8CEF4A003898D0 /* Preview Content */ = {
			isa = PBXGroup;
			children = (
				5832853D2B8CEF4A003898D0 /* Preview Assets.xcassets */,
			);
			path = "Preview Content";
			sourceTree = "<group>";
		};
		583285462B8CEF4A003898D0 /* age-calculator-appTests */ = {
			isa = PBXGroup;
			children = (
				583285472B8CEF4A003898D0 /* age_calculator_appTests.swift */,
			);
			path = "age-calculator-appTests";
			sourceTree = "<group>";
		};
		583285502B8CEF4A003898D0 /* age-calculator-appUITests */ = {
			isa = PBXGroup;
			children = (
				583285512B8CEF4A003898D0 /* age_calculator_appUITests.swift */,
				583285532B8CEF4A003898D0 /* age_calculator_appUITestsLaunchTests.swift */,
			);
			path = "age-calculator-appUITests";
			sourceTree = "<group>";
		};
		5832856C2B8CEFA9003898D0 /* Fonts */ = {
			isa = PBXGroup;
			children = (
				583285602B8CEF9F003898D0 /* Poppins-Bold.ttf */,
				583285642B8CEF9F003898D0 /* Poppins-BoldItalic.ttf */,
				583285612B8CEF9F003898D0 /* Poppins-ExtraBold.ttf */,
				583285652B8CEF9F003898D0 /* Poppins-ExtraBoldItalic.ttf */,
				583285632B8CEF9F003898D0 /* Poppins-Italic.ttf */,
				583285622B8CEF9F003898D0 /* Poppins-Regular.ttf */,
			);
			path = Fonts;
			sourceTree = "<group>";
		};
/* End PBXGroup section */

/* Begin PBXNativeTarget section */
		583285322B8CEF48003898D0 /* age-calculator-app */ = {
			isa = PBXNativeTarget;
			buildConfigurationList = 583285572B8CEF4A003898D0 /* Build configuration list for PBXNativeTarget "age-calculator-app" */;
			buildPhases = (
				5832852F2B8CEF48003898D0 /* Sources */,
				583285302B8CEF48003898D0 /* Frameworks */,
				583285312B8CEF48003898D0 /* Resources */,
			);
			buildRules = (
			);
			dependencies = (
			);
			name = "age-calculator-app";
			productName = "age-calculator-app";
			productReference = 583285332B8CEF48003898D0 /* age-calculator-app.app */;
			productType = "com.apple.product-type.application";
		};
		583285422B8CEF4A003898D0 /* age-calculator-appTests */ = {
			isa = PBXNativeTarget;
			buildConfigurationList = 5832855A2B8CEF4A003898D0 /* Build configuration list for PBXNativeTarget "age-calculator-appTests" */;
			buildPhases = (
				5832853F2B8CEF4A003898D0 /* Sources */,
				583285402B8CEF4A003898D0 /* Frameworks */,
				583285412B8CEF4A003898D0 /* Resources */,
			);
			buildRules = (
			);
			dependencies = (
				583285452B8CEF4A003898D0 /* PBXTargetDependency */,
			);
			name = "age-calculator-appTests";
			productName = "age-calculator-appTests";
			productReference = 583285432B8CEF4A003898D0 /* age-calculator-appTests.xctest */;
			productType = "com.apple.product-type.bundle.unit-test";
		};
		5832854C2B8CEF4A003898D0 /* age-calculator-appUITests */ = {
			isa = PBXNativeTarget;
			buildConfigurationList = 5832855D2B8CEF4A003898D0 /* Build configuration list for PBXNativeTarget "age-calculator-appUITests" */;
			buildPhases = (
				583285492B8CEF4A003898D0 /* Sources */,
				5832854A2B8CEF4A003898D0 /* Frameworks */,
				5832854B2B8CEF4A003898D0 /* Resources */,
			);
			buildRules = (
			);
			dependencies = (
				5832854F2B8CEF4A003898D0 /* PBXTargetDependency */,
			);
			name = "age-calculator-appUITests";
			productName = "age-calculator-appUITests";
			productReference = 5832854D2B8CEF4A003898D0 /* age-calculator-appUITests.xctest */;
			productType = "com.apple.product-type.bundle.ui-testing";
		};
/* End PBXNativeTarget section */

/* Begin PBXProject section */
		5832852B2B8CEF48003898D0 /* Project object */ = {
			isa = PBXProject;
			attributes = {
				BuildIndependentTargetsInParallel = 1;
				LastSwiftUpdateCheck = 1420;
				LastUpgradeCheck = 1420;
				TargetAttributes = {
					583285322B8CEF48003898D0 = {
						CreatedOnToolsVersion = 14.2;
					};
					583285422B8CEF4A003898D0 = {
						CreatedOnToolsVersion = 14.2;
						TestTargetID = 583285322B8CEF48003898D0;
					};
					5832854C2B8CEF4A003898D0 = {
						CreatedOnToolsVersion = 14.2;
						TestTargetID = 583285322B8CEF48003898D0;
					};
				};
			};
			buildConfigurationList = 5832852E2B8CEF48003898D0 /* Build configuration list for PBXProject "age-calculator-app" */;
			compatibilityVersion = "Xcode 14.0";
			developmentRegion = en;
			hasScannedForEncodings = 0;
			knownRegions = (
				en,
				Base,
			);
			mainGroup = 5832852A2B8CEF48003898D0;
			productRefGroup = 583285342B8CEF48003898D0 /* Products */;
			projectDirPath = "";
			projectRoot = "";
			targets = (
				583285322B8CEF48003898D0 /* age-calculator-app */,
				583285422B8CEF4A003898D0 /* age-calculator-appTests */,
				5832854C2B8CEF4A003898D0 /* age-calculator-appUITests */,
			);
		};
/* End PBXProject section */

/* Begin PBXResourcesBuildPhase section */
		583285312B8CEF48003898D0 /* Resources */ = {
			isa = PBXResourcesBuildPhase;
			buildActionMask = 2147483647;
			files = (
				5832856B2B8CEFA0003898D0 /* Poppins-ExtraBoldItalic.ttf in Resources */,
				583285692B8CEFA0003898D0 /* Poppins-Italic.ttf in Resources */,
				583285672B8CEFA0003898D0 /* Poppins-ExtraBold.ttf in Resources */,
				5832856A2B8CEFA0003898D0 /* Poppins-BoldItalic.ttf in Resources */,
				5832853E2B8CEF4A003898D0 /* Preview Assets.xcassets in Resources */,
				583285662B8CEFA0003898D0 /* Poppins-Bold.ttf in Resources */,
				5832853B2B8CEF4A003898D0 /* Assets.xcassets in Resources */,
				583285682B8CEFA0003898D0 /* Poppins-Regular.ttf in Resources */,
			);
			runOnlyForDeploymentPostprocessing = 0;
		};
		583285412B8CEF4A003898D0 /* Resources */ = {
			isa = PBXResourcesBuildPhase;
			buildActionMask = 2147483647;
			files = (
			);
			runOnlyForDeploymentPostprocessing = 0;
		};
		5832854B2B8CEF4A003898D0 /* Resources */ = {
			isa = PBXResourcesBuildPhase;
			buildActionMask = 2147483647;
			files = (
			);
			runOnlyForDeploymentPostprocessing = 0;
		};
/* End PBXResourcesBuildPhase section */

/* Begin PBXSourcesBuildPhase section */
		5832852F2B8CEF48003898D0 /* Sources */ = {
			isa = PBXSourcesBuildPhase;
			buildActionMask = 2147483647;
			files = (
				583285392B8CEF48003898D0 /* ContentView.swift in Sources */,
				583285372B8CEF48003898D0 /* age_calculator_appApp.swift in Sources */,
			);
			runOnlyForDeploymentPostprocessing = 0;
		};
		5832853F2B8CEF4A003898D0 /* Sources */ = {
			isa = PBXSourcesBuildPhase;
			buildActionMask = 2147483647;
			files = (
				583285482B8CEF4A003898D0 /* age_calculator_appTests.swift in Sources */,
			);
			runOnlyForDeploymentPostprocessing = 0;
		};
		583285492B8CEF4A003898D0 /* Sources */ = {
			isa = PBXSourcesBuildPhase;
			buildActionMask = 2147483647;
			files = (
				583285542B8CEF4A003898D0 /* age_calculator_appUITestsLaunchTests.swift in Sources */,
				583285522B8CEF4A003898D0 /* age_calculator_appUITests.swift in Sources */,
			);
			runOnlyForDeploymentPostprocessing = 0;
		};
/* End PBXSourcesBuildPhase section */

/* Begin PBXTargetDependency section */
		583285452B8CEF4A003898D0 /* PBXTargetDependency */ = {
			isa = PBXTargetDependency;
			target = 583285322B8CEF48003898D0 /* age-calculator-app */;
			targetProxy = 583285442B8CEF4A003898D0 /* PBXContainerItemProxy */;
		};
		5832854F2B8CEF4A003898D0 /* PBXTargetDependency */ = {
			isa = PBXTargetDependency;
			target = 583285322B8CEF48003898D0 /* age-calculator-app */;
			targetProxy = 5832854E2B8CEF4A003898D0 /* PBXContainerItemProxy */;
		};
/* End PBXTargetDependency section */

/* Begin XCBuildConfiguration section */
		583285552B8CEF4A003898D0 /* Debug */ = {
			isa = XCBuildConfiguration;
			buildSettings = {
				ALWAYS_SEARCH_USER_PATHS = NO;
				CLANG_ANALYZER_NONNULL = YES;
				CLANG_ANALYZER_NUMBER_OBJECT_CONVERSION = YES_AGGRESSIVE;
				CLANG_CXX_LANGUAGE_STANDARD = "gnu++20";
				CLANG_ENABLE_MODULES = YES;
				CLANG_ENABLE_OBJC_ARC = YES;
				CLANG_ENABLE_OBJC_WEAK = YES;
				CLANG_WARN_BLOCK_CAPTURE_AUTORELEASING = YES;
				CLANG_WARN_BOOL_CONVERSION = YES;
				CLANG_WARN_COMMA = YES;
				CLANG_WARN_CONSTANT_CONVERSION = YES;
				CLANG_WARN_DEPRECATED_OBJC_IMPLEMENTATIONS = YES;
				CLANG_WARN_DIRECT_OBJC_ISA_USAGE = YES_ERROR;
				CLANG_WARN_DOCUMENTATION_COMMENTS = YES;
				CLANG_WARN_EMPTY_BODY = YES;
				CLANG_WARN_ENUM_CONVERSION = YES;
				CLANG_WARN_INFINITE_RECURSION = YES;
				CLANG_WARN_INT_CONVERSION = YES;
				CLANG_WARN_NON_LITERAL_NULL_CONVERSION = YES;
				CLANG_WARN_OBJC_IMPLICIT_RETAIN_SELF = YES;
				CLANG_WARN_OBJC_LITERAL_CONVERSION = YES;
				CLANG_WARN_OBJC_ROOT_CLASS = YES_ERROR;
				CLANG_WARN_QUOTED_INCLUDE_IN_FRAMEWORK_HEADER = YES;
				CLANG_WARN_RANGE_LOOP_ANALYSIS = YES;
				CLANG_WARN_STRICT_PROTOTYPES = YES;
				CLANG_WARN_SUSPICIOUS_MOVE = YES;
				CLANG_WARN_UNGUARDED_AVAILABILITY = YES_AGGRESSIVE;
				CLANG_WARN_UNREACHABLE_CODE = YES;
				CLANG_WARN__DUPLICATE_METHOD_MATCH = YES;
				COPY_PHASE_STRIP = NO;
				DEBUG_INFORMATION_FORMAT = dwarf;
				ENABLE_STRICT_OBJC_MSGSEND = YES;
				ENABLE_TESTABILITY = YES;
				GCC_C_LANGUAGE_STANDARD = gnu11;
				GCC_DYNAMIC_NO_PIC = NO;
				GCC_NO_COMMON_BLOCKS = YES;
				GCC_OPTIMIZATION_LEVEL = 0;
				GCC_PREPROCESSOR_DEFINITIONS = (
					"DEBUG=1",
					"$(inherited)",
				);
				GCC_WARN_64_TO_32_BIT_CONVERSION = YES;
				GCC_WARN_ABOUT_RETURN_TYPE = YES_ERROR;
				GCC_WARN_UNDECLARED_SELECTOR = YES;
				GCC_WARN_UNINITIALIZED_AUTOS = YES_AGGRESSIVE;
				GCC_WARN_UNUSED_FUNCTION = YES;
				GCC_WARN_UNUSED_VARIABLE = YES;
				IPHONEOS_DEPLOYMENT_TARGET = 16.2;
				MTL_ENABLE_DEBUG_INFO = INCLUDE_SOURCE;
				MTL_FAST_MATH = YES;
				ONLY_ACTIVE_ARCH = YES;
				SDKROOT = iphoneos;
				SWIFT_ACTIVE_COMPILATION_CONDITIONS = DEBUG;
				SWIFT_OPTIMIZATION_LEVEL = "-Onone";
			};
			name = Debug;
		};
		583285562B8CEF4A003898D0 /* Release */ = {
			isa = XCBuildConfiguration;
			buildSettings = {
				ALWAYS_SEARCH_USER_PATHS = NO;
				CLANG_ANALYZER_NONNULL = YES;
				CLANG_ANALYZER_NUMBER_OBJECT_CONVERSION = YES_AGGRESSIVE;
				CLANG_CXX_LANGUAGE_STANDARD = "gnu++20";
				CLANG_ENABLE_MODULES = YES;
				CLANG_ENABLE_OBJC_ARC = YES;
				CLANG_ENABLE_OBJC_WEAK = YES;
				CLANG_WARN_BLOCK_CAPTURE_AUTORELEASING = YES;
				CLANG_WARN_BOOL_CONVERSION = YES;
				CLANG_WARN_COMMA = YES;
				CLANG_WARN_CONSTANT_CONVERSION = YES;
				CLANG_WARN_DEPRECATED_OBJC_IMPLEMENTATIONS = YES;
				CLANG_WARN_DIRECT_OBJC_ISA_USAGE = YES_ERROR;
				CLANG_WARN_DOCUMENTATION_COMMENTS = YES;
				CLANG_WARN_EMPTY_BODY = YES;
				CLANG_WARN_ENUM_CONVERSION = YES;
				CLANG_WARN_INFINITE_RECURSION = YES;
				CLANG_WARN_INT_CONVERSION = YES;
				CLANG_WARN_NON_LITERAL_NULL_CONVERSION = YES;
				CLANG_WARN_OBJC_IMPLICIT_RETAIN_SELF = YES;
				CLANG_WARN_OBJC_LITERAL_CONVERSION = YES;
				CLANG_WARN_OBJC_ROOT_CLASS = YES_ERROR;
				CLANG_WARN_QUOTED_INCLUDE_IN_FRAMEWORK_HEADER = YES;
				CLANG_WARN_RANGE_LOOP_ANALYSIS = YES;
				CLANG_WARN_STRICT_PROTOTYPES = YES;
				CLANG_WARN_SUSPICIOUS_MOVE = YES;
				CLANG_WARN_UNGUARDED_AVAILABILITY = YES_AGGRESSIVE;
				CLANG_WARN_UNREACHABLE_CODE = YES;
				CLANG_WARN__DUPLICATE_METHOD_MATCH = YES;
				COPY_PHASE_STRIP = NO;
				DEBUG_INFORMATION_FORMAT = "dwarf-with-dsym";
				ENABLE_NS_ASSERTIONS = NO;
				ENABLE_STRICT_OBJC_MSGSEND = YES;
				GCC_C_LANGUAGE_STANDARD = gnu11;
				GCC_NO_COMMON_BLOCKS = YES;
				GCC_WARN_64_TO_32_BIT_CONVERSION = YES;
				GCC_WARN_ABOUT_RETURN_TYPE = YES_ERROR;
				GCC_WARN_UNDECLARED_SELECTOR = YES;
				GCC_WARN_UNINITIALIZED_AUTOS = YES_AGGRESSIVE;
				GCC_WARN_UNUSED_FUNCTION = YES;
				GCC_WARN_UNUSED_VARIABLE = YES;
				IPHONEOS_DEPLOYMENT_TARGET = 16.2;
				MTL_ENABLE_DEBUG_INFO = NO;
				MTL_FAST_MATH = YES;
				SDKROOT = iphoneos;
				SWIFT_COMPILATION_MODE = wholemodule;
				SWIFT_OPTIMIZATION_LEVEL = "-O";
				VALIDATE_PRODUCT = YES;
			};
			name = Release;
		};
		583285582B8CEF4A003898D0 /* Debug */ = {
			isa = XCBuildConfiguration;
			buildSettings = {
				ASSETCATALOG_COMPILER_APPICON_NAME = AppIcon;
				ASSETCATALOG_COMPILER_GLOBAL_ACCENT_COLOR_NAME = AccentColor;
				CODE_SIGN_STYLE = Automatic;
				CURRENT_PROJECT_VERSION = 1;
				DEVELOPMENT_ASSET_PATHS = "\"age-calculator-app/Preview Content\"";
				DEVELOPMENT_TEAM = H5MNUSUD85;
				ENABLE_PREVIEWS = YES;
				GENERATE_INFOPLIST_FILE = YES;
				INFOPLIST_FILE = "age-calculator-app/Info.plist";
				INFOPLIST_KEY_UIApplicationSceneManifest_Generation = YES;
				INFOPLIST_KEY_UIApplicationSupportsIndirectInputEvents = YES;
				INFOPLIST_KEY_UILaunchScreen_Generation = YES;
				INFOPLIST_KEY_UISupportedInterfaceOrientations_iPad = "UIInterfaceOrientationPortrait UIInterfaceOrientationPortraitUpsideDown UIInterfaceOrientationLandscapeLeft UIInterfaceOrientationLandscapeRight";
				INFOPLIST_KEY_UISupportedInterfaceOrientations_iPhone = "UIInterfaceOrientationPortrait UIInterfaceOrientationLandscapeLeft UIInterfaceOrientationLandscapeRight";
				LD_RUNPATH_SEARCH_PATHS = (
					"$(inherited)",
					"@executable_path/Frameworks",
				);
				MARKETING_VERSION = 1.0;
				PRODUCT_BUNDLE_IDENTIFIER = "com.Mfchm.age-calculator-app";
				PRODUCT_NAME = "$(TARGET_NAME)";
				SWIFT_EMIT_LOC_STRINGS = YES;
				SWIFT_VERSION = 5.0;
				TARGETED_DEVICE_FAMILY = "1,2";
			};
			name = Debug;
		};
		583285592B8CEF4A003898D0 /* Release */ = {
			isa = XCBuildConfiguration;
			buildSettings = {
				ASSETCATALOG_COMPILER_APPICON_NAME = AppIcon;
				ASSETCATALOG_COMPILER_GLOBAL_ACCENT_COLOR_NAME = AccentColor;
				CODE_SIGN_STYLE = Automatic;
				CURRENT_PROJECT_VERSION = 1;
				DEVELOPMENT_ASSET_PATHS = "\"age-calculator-app/Preview Content\"";
				DEVELOPMENT_TEAM = H5MNUSUD85;
				ENABLE_PREVIEWS = YES;
				GENERATE_INFOPLIST_FILE = YES;
				INFOPLIST_FILE = "age-calculator-app/Info.plist";
				INFOPLIST_KEY_UIApplicationSceneManifest_Generation = YES;
				INFOPLIST_KEY_UIApplicationSupportsIndirectInputEvents = YES;
				INFOPLIST_KEY_UILaunchScreen_Generation = YES;
				INFOPLIST_KEY_UISupportedInterfaceOrientations_iPad = "UIInterfaceOrientationPortrait UIInterfaceOrientationPortraitUpsideDown UIInterfaceOrientationLandscapeLeft UIInterfaceOrientationLandscapeRight";
				INFOPLIST_KEY_UISupportedInterfaceOrientations_iPhone = "UIInterfaceOrientationPortrait UIInterfaceOrientationLandscapeLeft UIInterfaceOrientationLandscapeRight";
				LD_RUNPATH_SEARCH_PATHS = (
					"$(inherited)",
					"@executable_path/Frameworks",
				);
				MARKETING_VERSION = 1.0;
				PRODUCT_BUNDLE_IDENTIFIER = "com.Mfchm.age-calculator-app";
				PRODUCT_NAME = "$(TARGET_NAME)";
				SWIFT_EMIT_LOC_STRINGS = YES;
				SWIFT_VERSION = 5.0;
				TARGETED_DEVICE_FAMILY = "1,2";
			};
			name = Release;
		};
		5832855B2B8CEF4A003898D0 /* Debug */ = {
			isa = XCBuildConfiguration;
			buildSettings = {
				ALWAYS_EMBED_SWIFT_STANDARD_LIBRARIES = YES;
				BUNDLE_LOADER = "$(TEST_HOST)";
				CODE_SIGN_STYLE = Automatic;
				CURRENT_PROJECT_VERSION = 1;
				DEVELOPMENT_TEAM = H5MNUSUD85;
				GENERATE_INFOPLIST_FILE = YES;
				IPHONEOS_DEPLOYMENT_TARGET = 16.2;
				MARKETING_VERSION = 1.0;
				PRODUCT_BUNDLE_IDENTIFIER = "com.Mfchm.age-calculator-appTests";
				PRODUCT_NAME = "$(TARGET_NAME)";
				SWIFT_EMIT_LOC_STRINGS = NO;
				SWIFT_VERSION = 5.0;
				TARGETED_DEVICE_FAMILY = "1,2";
				TEST_HOST = "$(BUILT_PRODUCTS_DIR)/age-calculator-app.app/$(BUNDLE_EXECUTABLE_FOLDER_PATH)/age-calculator-app";
			};
			name = Debug;
		};
		5832855C2B8CEF4A003898D0 /* Release */ = {
			isa = XCBuildConfiguration;
			buildSettings = {
				ALWAYS_EMBED_SWIFT_STANDARD_LIBRARIES = YES;
				BUNDLE_LOADER = "$(TEST_HOST)";
				CODE_SIGN_STYLE = Automatic;
				CURRENT_PROJECT_VERSION = 1;
				DEVELOPMENT_TEAM = H5MNUSUD85;
				GENERATE_INFOPLIST_FILE = YES;
				IPHONEOS_DEPLOYMENT_TARGET = 16.2;
				MARKETING_VERSION = 1.0;
				PRODUCT_BUNDLE_IDENTIFIER = "com.Mfchm.age-calculator-appTests";
				PRODUCT_NAME = "$(TARGET_NAME)";
				SWIFT_EMIT_LOC_STRINGS = NO;
				SWIFT_VERSION = 5.0;
				TARGETED_DEVICE_FAMILY = "1,2";
				TEST_HOST = "$(BUILT_PRODUCTS_DIR)/age-calculator-app.app/$(BUNDLE_EXECUTABLE_FOLDER_PATH)/age-calculator-app";
			};
			name = Release;
		};
		5832855E2B8CEF4A003898D0 /* Debug */ = {
			isa = XCBuildConfiguration;
			buildSettings = {
				ALWAYS_EMBED_SWIFT_STANDARD_LIBRARIES = YES;
				CODE_SIGN_STYLE = Automatic;
				CURRENT_PROJECT_VERSION = 1;
				DEVELOPMENT_TEAM = H5MNUSUD85;
				GENERATE_INFOPLIST_FILE = YES;
				MARKETING_VERSION = 1.0;
				PRODUCT_BUNDLE_IDENTIFIER = "com.Mfchm.age-calculator-appUITests";
				PRODUCT_NAME = "$(TARGET_NAME)";
				SWIFT_EMIT_LOC_STRINGS = NO;
				SWIFT_VERSION = 5.0;
				TARGETED_DEVICE_FAMILY = "1,2";
				TEST_TARGET_NAME = "age-calculator-app";
			};
			name = Debug;
		};
		5832855F2B8CEF4A003898D0 /* Release */ = {
			isa = XCBuildConfiguration;
			buildSettings = {
				ALWAYS_EMBED_SWIFT_STANDARD_LIBRARIES = YES;
				CODE_SIGN_STYLE = Automatic;
				CURRENT_PROJECT_VERSION = 1;
				DEVELOPMENT_TEAM = H5MNUSUD85;
				GENERATE_INFOPLIST_FILE = YES;
				MARKETING_VERSION = 1.0;
				PRODUCT_BUNDLE_IDENTIFIER = "com.Mfchm.age-calculator-appUITests";
				PRODUCT_NAME = "$(TARGET_NAME)";
				SWIFT_EMIT_LOC_STRINGS = NO;
				SWIFT_VERSION = 5.0;
				TARGETED_DEVICE_FAMILY = "1,2";
				TEST_TARGET_NAME = "age-calculator-app";
			};
			name = Release;
		};
/* End XCBuildConfiguration section */

/* Begin XCConfigurationList section */
		5832852E2B8CEF48003898D0 /* Build configuration list for PBXProject "age-calculator-app" */ = {
			isa = XCConfigurationList;
			buildConfigurations = (
				583285552B8CEF4A003898D0 /* Debug */,
				583285562B8CEF4A003898D0 /* Release */,
			);
			defaultConfigurationIsVisible = 0;
			defaultConfigurationName = Release;
		};
		583285572B8CEF4A003898D0 /* Build configuration list for PBXNativeTarget "age-calculator-app" */ = {
			isa = XCConfigurationList;
			buildConfigurations = (
				583285582B8CEF4A003898D0 /* Debug */,
				583285592B8CEF4A003898D0 /* Release */,
			);
			defaultConfigurationIsVisible = 0;
			defaultConfigurationName = Release;
		};
		5832855A2B8CEF4A003898D0 /* Build configuration list for PBXNativeTarget "age-calculator-appTests" */ = {
			isa = XCConfigurationList;
			buildConfigurations = (
				5832855B2B8CEF4A003898D0 /* Debug */,
				5832855C2B8CEF4A003898D0 /* Release */,
			);
			defaultConfigurationIsVisible = 0;
			defaultConfigurationName = Release;
		};
		5832855D2B8CEF4A003898D0 /* Build configuration list for PBXNativeTarget "age-calculator-appUITests" */ = {
			isa = XCConfigurationList;
			buildConfigurations = (
				5832855E2B8CEF4A003898D0 /* Debug */,
				5832855F2B8CEF4A003898D0 /* Release */,
			);
			defaultConfigurationIsVisible = 0;
			defaultConfigurationName = Release;
		};
/* End XCConfigurationList section */
	};
	rootObject = 5832852B2B8CEF48003898D0 /* Project object */;
}
